
Microsoft Visual Studio Solution File, Format Version 12.00
# Visual Studio 2013
VisualStudioVersion = 12.0.21005.1
MinimumVisualStudioVersion = 10.0.40219.1
Project("{FAE04EC0-301F-11D3-BF4B-00C04F79EFBC}") = "Ciencia.OBJ", "Ciencia.OBJ\Ciencia.OBJ.csproj", "{D8526ED8-6A5B-4538-B5E2-29C6F5048E79}"
EndProject
Project("{FAE04EC0-301F-11D3-BF4B-00C04F79EFBC}") = "Ciencia.DAL", "Ciencia.DAL\Ciencia.DAL.csproj", "{6BD61D5A-A957-4A6E-9156-613F996CAAF0}"
EndProject
Project("{FAE04EC0-301F-11D3-BF4B-00C04F79EFBC}") = "Ciencia.BLL", "Ciencia.BLL\Ciencia.BLL.csproj", "{D5B3DF01-68BE-4D44-85C9-3FBCA5D74288}"
EndProject
Project("{FAE04EC0-301F-11D3-BF4B-00C04F79EFBC}") = "Ciencia", "Ciencia\Ciencia.csproj", "{317F7B0A-B610-4AFE-8CAB-38330CFDC43C}"
EndProject
Project("{FAE04EC0-301F-11D3-BF4B-00C04F79EFBC}") = "MDI", "..\..\Common\trunk\MDI\MDI.csproj", "{579B1176-0C53-4E6E-93A9-27A373E45F62}"
EndProject
Project("{FAE04EC0-301F-11D3-BF4B-00C04F79EFBC}") = "Common", "..\..\Common\trunk\Common\Common\Common.csproj", "{241CD245-931B-4077-9D16-632AE8CE842C}"
EndProject
Project("{FAE04EC0-301F-11D3-BF4B-00C04F79EFBC}") = "Generales", "..\..\Generales\Generales.csproj", "{50D756DF-A3E9-4DAD-A226-493F65005D85}"
EndProject
Project("{FAE04EC0-301F-11D3-BF4B-00C04F79EFBC}") = "Common.DAL", "..\..\Common\trunk\Common\Common.DAL\Common.DAL.csproj", "{B2DD1B83-DA29-443B-95C9-4C72A43BD0B0}"
EndProject
Project("{FAE04EC0-301F-11D3-BF4B-00C04F79EFBC}") = "Common.BLL", "..\..\Common\trunk\Common\Common.BLL\Common.BLL\Common.BLL.csproj", "{3DD97D1E-E0D5-48B6-A8C3-04B772D434A0}"
EndProject
Project("{FAE04EC0-301F-11D3-BF4B-00C04F79EFBC}") = "Common.OBJ", "..\..\Common\trunk\Common\Common.OBJ\Common.OBJ.csproj", "{423E4D38-8F89-4A65-8A35-D6AF22D1C79C}"
EndProject
Project("{FAE04EC0-301F-11D3-BF4B-00C04F79EFBC}") = "Cardiologia.DAL", "..\..\Cardiologia\Cardiología.DAL\Cardiologia.DAL.csproj", "{E80D9B6C-9067-4F72-B856-94AAB0863576}"
EndProject
Project("{FAE04EC0-301F-11D3-BF4B-00C04F79EFBC}") = "Cardiologia.OBJ", "..\..\Cardiologia\Cardiolgia.OBJ\Cardiologia.OBJ.csproj", "{A93225CC-E2C5-499F-A1DD-03FA76A94BF3}"
EndProject
Global
	GlobalSection(SolutionConfigurationPlatforms) = preSolution
		Debug|Any CPU = Debug|Any CPU
		Release|Any CPU = Release|Any CPU
	EndGlobalSection
	GlobalSection(ProjectConfigurationPlatforms) = postSolution
		{D8526ED8-6A5B-4538-B5E2-29C6F5048E79}.Debug|Any CPU.ActiveCfg = Debug|Any CPU
		{D8526ED8-6A5B-4538-B5E2-29C6F5048E79}.Debug|Any CPU.Build.0 = Debug|Any CPU
		{D8526ED8-6A5B-4538-B5E2-29C6F5048E79}.Release|Any CPU.ActiveCfg = Release|Any CPU
		{D8526ED8-6A5B-4538-B5E2-29C6F5048E79}.Release|Any CPU.Build.0 = Release|Any CPU
		{6BD61D5A-A957-4A6E-9156-613F996CAAF0}.Debug|Any CPU.ActiveCfg = Debug|Any CPU
		{6BD61D5A-A957-4A6E-9156-613F996CAAF0}.Debug|Any CPU.Build.0 = Debug|Any CPU
		{6BD61D5A-A957-4A6E-9156-613F996CAAF0}.Release|Any CPU.ActiveCfg = Release|Any CPU
		{6BD61D5A-A957-4A6E-9156-613F996CAAF0}.Release|Any CPU.Build.0 = Release|Any CPU
		{D5B3DF01-68BE-4D44-85C9-3FBCA5D74288}.Debug|Any CPU.ActiveCfg = Debug|Any CPU
		{D5B3DF01-68BE-4D44-85C9-3FBCA5D74288}.Debug|Any CPU.Build.0 = Debug|Any CPU
		{D5B3DF01-68BE-4D44-85C9-3FBCA5D74288}.Release|Any CPU.ActiveCfg = Release|Any CPU
		{D5B3DF01-68BE-4D44-85C9-3FBCA5D74288}.Release|Any CPU.Build.0 = Release|Any CPU
		{317F7B0A-B610-4AFE-8CAB-38330CFDC43C}.Debug|Any CPU.ActiveCfg = Debug|Any CPU
		{317F7B0A-B610-4AFE-8CAB-38330CFDC43C}.Debug|Any CPU.Build.0 = Debug|Any CPU
		{317F7B0A-B610-4AFE-8CAB-38330CFDC43C}.Release|Any CPU.ActiveCfg = Release|Any CPU
		{317F7B0A-B610-4AFE-8CAB-38330CFDC43C}.Release|Any CPU.Build.0 = Release|Any CPU
		{579B1176-0C53-4E6E-93A9-27A373E45F62}.Debug|Any CPU.ActiveCfg = Debug|Any CPU
		{579B1176-0C53-4E6E-93A9-27A373E45F62}.Debug|Any CPU.Build.0 = Debug|Any CPU
		{579B1176-0C53-4E6E-93A9-27A373E45F62}.Release|Any CPU.ActiveCfg = Release|Any CPU
		{579B1176-0C53-4E6E-93A9-27A373E45F62}.Release|Any CPU.Build.0 = Release|Any CPU
		{241CD245-931B-4077-9D16-632AE8CE842C}.Debug|Any CPU.ActiveCfg = Debug|Any CPU
		{241CD245-931B-4077-9D16-632AE8CE842C}.Debug|Any CPU.Build.0 = Debug|Any CPU
		{241CD245-931B-4077-9D16-632AE8CE842C}.Release|Any CPU.ActiveCfg = Release|Any CPU
		{241CD245-931B-4077-9D16-632AE8CE842C}.Release|Any CPU.Build.0 = Release|Any CPU
		{50D756DF-A3E9-4DAD-A226-493F65005D85}.Debug|Any CPU.ActiveCfg = Debug|Any CPU
		{50D756DF-A3E9-4DAD-A226-493F65005D85}.Debug|Any CPU.Build.0 = Debug|Any CPU
		{50D756DF-A3E9-4DAD-A226-493F65005D85}.Release|Any CPU.ActiveCfg = Release|Any CPU
		{50D756DF-A3E9-4DAD-A226-493F65005D85}.Release|Any CPU.Build.0 = Release|Any CPU
		{B2DD1B83-DA29-443B-95C9-4C72A43BD0B0}.Debug|Any CPU.ActiveCfg = Debug|Any CPU
		{B2DD1B83-DA29-443B-95C9-4C72A43BD0B0}.Debug|Any CPU.Build.0 = Debug|Any CPU
		{B2DD1B83-DA29-443B-95C9-4C72A43BD0B0}.Release|Any CPU.ActiveCfg = Release|Any CPU
		{B2DD1B83-DA29-443B-95C9-4C72A43BD0B0}.Release|Any CPU.Build.0 = Release|Any CPU
		{3DD97D1E-E0D5-48B6-A8C3-04B772D434A0}.Debug|Any CPU.ActiveCfg = Debug|Any CPU
		{3DD97D1E-E0D5-48B6-A8C3-04B772D434A0}.Debug|Any CPU.Build.0 = Debug|Any CPU
		{3DD97D1E-E0D5-48B6-A8C3-04B772D434A0}.Release|Any CPU.ActiveCfg = Release|Any CPU
		{3DD97D1E-E0D5-48B6-A8C3-04B772D434A0}.Release|Any CPU.Build.0 = Release|Any CPU
		{423E4D38-8F89-4A65-8A35-D6AF22D1C79C}.Debug|Any CPU.ActiveCfg = Debug|Any CPU
		{423E4D38-8F89-4A65-8A35-D6AF22D1C79C}.Debug|Any CPU.Build.0 = Debug|Any CPU
		{423E4D38-8F89-4A65-8A35-D6AF22D1C79C}.Release|Any CPU.ActiveCfg = Release|Any CPU
		{423E4D38-8F89-4A65-8A35-D6AF22D1C79C}.Release|Any CPU.Build.0 = Release|Any CPU
		{E80D9B6C-9067-4F72-B856-94AAB0863576}.Debug|Any CPU.ActiveCfg = Debug|Any CPU
		{E80D9B6C-9067-4F72-B856-94AAB0863576}.Debug|Any CPU.Build.0 = Debug|Any CPU
		{E80D9B6C-9067-4F72-B856-94AAB0863576}.Release|Any CPU.ActiveCfg = Release|Any CPU
		{E80D9B6C-9067-4F72-B856-94AAB0863576}.Release|Any CPU.Build.0 = Release|Any CPU
		{A93225CC-E2C5-499F-A1DD-03FA76A94BF3}.Debug|Any CPU.ActiveCfg = Debug|Any CPU
		{A93225CC-E2C5-499F-A1DD-03FA76A94BF3}.Debug|Any CPU.Build.0 = Debug|Any CPU
		{A93225CC-E2C5-499F-A1DD-03FA76A94BF3}.Release|Any CPU.ActiveCfg = Release|Any CPU
		{A93225CC-E2C5-499F-A1DD-03FA76A94BF3}.Release|Any CPU.Build.0 = Release|Any CPU
	EndGlobalSection
	GlobalSection(SolutionProperties) = preSolution
		HideSolutionNode = FALSE
	EndGlobalSection
EndGlobal
